
Microsoft Visual Studio Solution File, Format Version 12.00
# Visual Studio 15
VisualStudioVersion = 15.0.27703.2026
MinimumVisualStudioVersion = 10.0.40219.1
Project("{9A19103F-16F7-4668-BE54-9A1E7A4F7556}") = "AspNet.Security.ApiKey.Providers", "AspNet.Security.ApiKey.Providers\AspNet.Security.ApiKey.Providers.csproj", "{7025C45D-6110-4FF9-80E4-B8DB76A8841D}"
EndProject
Project("{FAE04EC0-301F-11D3-BF4B-00C04F79EFBC}") = "AspNet.Security.ApiKey.Providers.Web", "..\test\AspNet.Security.ApiKey.Providers.Web\AspNet.Security.ApiKey.Providers.Web.csproj", "{02DA0F7F-CF0E-43AB-BFD3-F4DEFAB698B7}"
EndProject
Project("{FAE04EC0-301F-11D3-BF4B-00C04F79EFBC}") = "AspNet.Security.ApiKey.Providers.Tests", "..\test\AspNet.Security.ApiKey.Providers.Tests\AspNet.Security.ApiKey.Providers.Tests.csproj", "{CACE9BF9-2CDB-4981-9D3B-F139243E61D3}"
EndProject
Global
	GlobalSection(SolutionConfigurationPlatforms) = preSolution
		Debug|Any CPU = Debug|Any CPU
		Release|Any CPU = Release|Any CPU
	EndGlobalSection
	GlobalSection(ProjectConfigurationPlatforms) = postSolution
		{7025C45D-6110-4FF9-80E4-B8DB76A8841D}.Debug|Any CPU.ActiveCfg = Debug|Any CPU
		{7025C45D-6110-4FF9-80E4-B8DB76A8841D}.Debug|Any CPU.Build.0 = Debug|Any CPU
		{7025C45D-6110-4FF9-80E4-B8DB76A8841D}.Release|Any CPU.ActiveCfg = Release|Any CPU
		{7025C45D-6110-4FF9-80E4-B8DB76A8841D}.Release|Any CPU.Build.0 = Release|Any CPU
		{02DA0F7F-CF0E-43AB-BFD3-F4DEFAB698B7}.Debug|Any CPU.ActiveCfg = Debug|Any CPU
		{02DA0F7F-CF0E-43AB-BFD3-F4DEFAB698B7}.Debug|Any CPU.Build.0 = Debug|Any CPU
		{02DA0F7F-CF0E-43AB-BFD3-F4DEFAB698B7}.Release|Any CPU.ActiveCfg = Release|Any CPU
		{02DA0F7F-CF0E-43AB-BFD3-F4DEFAB698B7}.Release|Any CPU.Build.0 = Release|Any CPU
		{CACE9BF9-2CDB-4981-9D3B-F139243E61D3}.Debug|Any CPU.ActiveCfg = Debug|Any CPU
		{CACE9BF9-2CDB-4981-9D3B-F139243E61D3}.Debug|Any CPU.Build.0 = Debug|Any CPU
		{CACE9BF9-2CDB-4981-9D3B-F139243E61D3}.Release|Any CPU.ActiveCfg = Release|Any CPU
		{CACE9BF9-2CDB-4981-9D3B-F139243E61D3}.Release|Any CPU.Build.0 = Release|Any CPU
	EndGlobalSection
	GlobalSection(SolutionProperties) = preSolution
		HideSolutionNode = FALSE
	EndGlobalSection
	GlobalSection(ExtensibilityGlobals) = postSolution
		SolutionGuid = {3B683D32-0355-409D-946D-7CCA534148AB}
	EndGlobalSection
EndGlobal
